
Microsoft Visual Studio Solution File, Format Version 12.00
# Visual Studio Version 17
VisualStudioVersion = 17.12.35707.178
MinimumVisualStudioVersion = 10.0.40219.1
Project("{FAE04EC0-301F-11D3-BF4B-00C04F79EFBC}") = "RP.API", "RP.API\RP.API.csproj", "{40768D6C-BCF0-484F-AD8B-114FDCA7CD1F}"
EndProject
Project("{FAE04EC0-301F-11D3-BF4B-00C04F79EFBC}") = "RP.Application", "RP.CardManagement\RP.Application.csproj", "{33265565-57A5-4A18-B577-C4ECEE5FD022}"
EndProject
Project("{FAE04EC0-301F-11D3-BF4B-00C04F79EFBC}") = "RP.Shared", "RP.Shared\RP.Shared.csproj", "{996BD4CB-C62D-4DCC-8953-97750815DF80}"
EndProject
Project("{2150E333-8FDC-42A3-9474-1A3956D46DE8}") = "test", "test", "{1FED7E4A-FDA4-47D7-846E-F4FE326EA70A}"
EndProject
Project("{2150E333-8FDC-42A3-9474-1A3956D46DE8}") = "src", "src", "{6E1CC4DA-164C-4474-B7BB-A3C5822E5592}"
EndProject
Project("{FAE04EC0-301F-11D3-BF4B-00C04F79EFBC}") = "RP.API.Test", "RP.API.Test\RP.API.Test.csproj", "{509611AD-5655-49B4-B22C-C11E78E1DC47}"
EndProject
Project("{FAE04EC0-301F-11D3-BF4B-00C04F79EFBC}") = "RP.Infrastructure", "RP.Infrastructure\RP.Infrastructure.csproj", "{4B5C98A2-14A8-4D46-86EF-87312C7DFEB5}"
EndProject
Global
	GlobalSection(SolutionConfigurationPlatforms) = preSolution
		Debug|Any CPU = Debug|Any CPU
		Release|Any CPU = Release|Any CPU
	EndGlobalSection
	GlobalSection(ProjectConfigurationPlatforms) = postSolution
		{40768D6C-BCF0-484F-AD8B-114FDCA7CD1F}.Debug|Any CPU.ActiveCfg = Debug|Any CPU
		{40768D6C-BCF0-484F-AD8B-114FDCA7CD1F}.Debug|Any CPU.Build.0 = Debug|Any CPU
		{40768D6C-BCF0-484F-AD8B-114FDCA7CD1F}.Release|Any CPU.ActiveCfg = Release|Any CPU
		{40768D6C-BCF0-484F-AD8B-114FDCA7CD1F}.Release|Any CPU.Build.0 = Release|Any CPU
		{33265565-57A5-4A18-B577-C4ECEE5FD022}.Debug|Any CPU.ActiveCfg = Debug|Any CPU
		{33265565-57A5-4A18-B577-C4ECEE5FD022}.Debug|Any CPU.Build.0 = Debug|Any CPU
		{33265565-57A5-4A18-B577-C4ECEE5FD022}.Release|Any CPU.ActiveCfg = Release|Any CPU
		{33265565-57A5-4A18-B577-C4ECEE5FD022}.Release|Any CPU.Build.0 = Release|Any CPU
		{996BD4CB-C62D-4DCC-8953-97750815DF80}.Debug|Any CPU.ActiveCfg = Debug|Any CPU
		{996BD4CB-C62D-4DCC-8953-97750815DF80}.Debug|Any CPU.Build.0 = Debug|Any CPU
		{996BD4CB-C62D-4DCC-8953-97750815DF80}.Release|Any CPU.ActiveCfg = Release|Any CPU
		{996BD4CB-C62D-4DCC-8953-97750815DF80}.Release|Any CPU.Build.0 = Release|Any CPU
		{509611AD-5655-49B4-B22C-C11E78E1DC47}.Debug|Any CPU.ActiveCfg = Debug|Any CPU
		{509611AD-5655-49B4-B22C-C11E78E1DC47}.Debug|Any CPU.Build.0 = Debug|Any CPU
		{509611AD-5655-49B4-B22C-C11E78E1DC47}.Release|Any CPU.ActiveCfg = Release|Any CPU
		{509611AD-5655-49B4-B22C-C11E78E1DC47}.Release|Any CPU.Build.0 = Release|Any CPU
		{4B5C98A2-14A8-4D46-86EF-87312C7DFEB5}.Debug|Any CPU.ActiveCfg = Debug|Any CPU
		{4B5C98A2-14A8-4D46-86EF-87312C7DFEB5}.Debug|Any CPU.Build.0 = Debug|Any CPU
		{4B5C98A2-14A8-4D46-86EF-87312C7DFEB5}.Release|Any CPU.ActiveCfg = Release|Any CPU
		{4B5C98A2-14A8-4D46-86EF-87312C7DFEB5}.Release|Any CPU.Build.0 = Release|Any CPU
	EndGlobalSection
	GlobalSection(SolutionProperties) = preSolution
		HideSolutionNode = FALSE
	EndGlobalSection
	GlobalSection(NestedProjects) = preSolution
		{40768D6C-BCF0-484F-AD8B-114FDCA7CD1F} = {6E1CC4DA-164C-4474-B7BB-A3C5822E5592}
		{33265565-57A5-4A18-B577-C4ECEE5FD022} = {6E1CC4DA-164C-4474-B7BB-A3C5822E5592}
		{996BD4CB-C62D-4DCC-8953-97750815DF80} = {6E1CC4DA-164C-4474-B7BB-A3C5822E5592}
		{509611AD-5655-49B4-B22C-C11E78E1DC47} = {1FED7E4A-FDA4-47D7-846E-F4FE326EA70A}
		{4B5C98A2-14A8-4D46-86EF-87312C7DFEB5} = {6E1CC4DA-164C-4474-B7BB-A3C5822E5592}
	EndGlobalSection
EndGlobal
